# THIS IS AN AUTOGENERATED FILE. DO NOT EDIT THIS FILE DIRECTLY.
# yarn lockfile v1


"husky@^8.0.1":
  "integrity" "sha512-xs7/chUH/CKdOCs7Zy0Aev9e/dKOMZf3K1Az1nar3tzlv0jfqnYtu235bstsWTmXOR0EfINrPa97yy4Lz6RiKw=="
  "resolved" "https://registry.npmjs.org/husky/-/husky-8.0.1.tgz"
  "version" "8.0.1"
